
Microsoft Visual Studio Solution File, Format Version 12.00
# Visual Studio Version 16
VisualStudioVersion = 16.0.31911.196
MinimumVisualStudioVersion = 10.0.40219.1
Project("{9A19103F-16F7-4668-BE54-9A1E7A4F7556}") = "Totems.Sync.Repositories", "Totem.Sync.Repositories\Totems.Sync.Repositories.csproj", "{96F8F197-4F53-4E04-8EE7-3E831718F98E}"
EndProject
Project("{9A19103F-16F7-4668-BE54-9A1E7A4F7556}") = "Totem.Sync.Services", "Totem.Sync.Services\Totem.Sync.Services.csproj", "{698C1F6F-340C-4218-8FCA-7A9FF21A166B}"
EndProject
Project("{9A19103F-16F7-4668-BE54-9A1E7A4F7556}") = "Framework", "..\Proyectos\Framework\Framework.csproj", "{DF24D632-9208-4953-81F7-D71C5124457B}"
EndProject
Project("{9A19103F-16F7-4668-BE54-9A1E7A4F7556}") = "Touch.Core", "..\Proyectos\Touch.Core\Touch.Core.csproj", "{B85B2F93-CFB6-4724-8E2C-9300BBDDA16B}"
EndProject
Project("{9A19103F-16F7-4668-BE54-9A1E7A4F7556}") = "Totems.Sync.Api", "Totem.Sync.Api\Totems.Sync.Api.csproj", "{153D946F-B199-41BC-9041-B9442F1D6091}"
EndProject
Global
	GlobalSection(SolutionConfigurationPlatforms) = preSolution
		Debug|Any CPU = Debug|Any CPU
		Release|Any CPU = Release|Any CPU
	EndGlobalSection
	GlobalSection(ProjectConfigurationPlatforms) = postSolution
		{96F8F197-4F53-4E04-8EE7-3E831718F98E}.Debug|Any CPU.ActiveCfg = Debug|Any CPU
		{96F8F197-4F53-4E04-8EE7-3E831718F98E}.Debug|Any CPU.Build.0 = Debug|Any CPU
		{96F8F197-4F53-4E04-8EE7-3E831718F98E}.Release|Any CPU.ActiveCfg = Release|Any CPU
		{96F8F197-4F53-4E04-8EE7-3E831718F98E}.Release|Any CPU.Build.0 = Release|Any CPU
		{698C1F6F-340C-4218-8FCA-7A9FF21A166B}.Debug|Any CPU.ActiveCfg = Debug|Any CPU
		{698C1F6F-340C-4218-8FCA-7A9FF21A166B}.Debug|Any CPU.Build.0 = Debug|Any CPU
		{698C1F6F-340C-4218-8FCA-7A9FF21A166B}.Release|Any CPU.ActiveCfg = Release|Any CPU
		{698C1F6F-340C-4218-8FCA-7A9FF21A166B}.Release|Any CPU.Build.0 = Release|Any CPU
		{DF24D632-9208-4953-81F7-D71C5124457B}.Debug|Any CPU.ActiveCfg = Debug|Any CPU
		{DF24D632-9208-4953-81F7-D71C5124457B}.Debug|Any CPU.Build.0 = Debug|Any CPU
		{DF24D632-9208-4953-81F7-D71C5124457B}.Release|Any CPU.ActiveCfg = Release|Any CPU
		{DF24D632-9208-4953-81F7-D71C5124457B}.Release|Any CPU.Build.0 = Release|Any CPU
		{B85B2F93-CFB6-4724-8E2C-9300BBDDA16B}.Debug|Any CPU.ActiveCfg = Debug|Any CPU
		{B85B2F93-CFB6-4724-8E2C-9300BBDDA16B}.Debug|Any CPU.Build.0 = Debug|Any CPU
		{B85B2F93-CFB6-4724-8E2C-9300BBDDA16B}.Release|Any CPU.ActiveCfg = Release|Any CPU
		{B85B2F93-CFB6-4724-8E2C-9300BBDDA16B}.Release|Any CPU.Build.0 = Release|Any CPU
		{153D946F-B199-41BC-9041-B9442F1D6091}.Debug|Any CPU.ActiveCfg = Debug|Any CPU
		{153D946F-B199-41BC-9041-B9442F1D6091}.Debug|Any CPU.Build.0 = Debug|Any CPU
		{153D946F-B199-41BC-9041-B9442F1D6091}.Release|Any CPU.ActiveCfg = Release|Any CPU
		{153D946F-B199-41BC-9041-B9442F1D6091}.Release|Any CPU.Build.0 = Release|Any CPU
	EndGlobalSection
	GlobalSection(SolutionProperties) = preSolution
		HideSolutionNode = FALSE
	EndGlobalSection
	GlobalSection(ExtensibilityGlobals) = postSolution
		SolutionGuid = {401663EA-DF01-437A-96B0-84B240A98291}
	EndGlobalSection
EndGlobal
